<?xml version="1.0" encoding="utf-8"?>
<Project ToolsVersion="4.0" xmlns="http://schemas.microsoft.com/developer/msbuild/2003">
  <ItemGroup>
    <Filter Include="소스 파일">
      <UniqueIdentifier>{4FC737F1-C7A5-4376-A066-2A32D752A2FF}</UniqueIdentifier>
      <Extensions>cpp;c;cc;cxx;c++;cppm;ixx;def;odl;idl;hpj;bat;asm;asmx</Extensions>
    </Filter>
    <Filter Include="헤더 파일">
      <UniqueIdentifier>{93995380-89BD-4b04-88EB-625FBE52EBFB}</UniqueIdentifier>
      <Extensions>h;hh;hpp;hxx;h++;hm;inl;inc;ipp;xsd</Extensions>
    </Filter>
    <Filter Include="리소스 파일">
      <UniqueIdentifier>{67DA6AB6-F800-4c08-8B7A-83BB121AAD01}</UniqueIdentifier>
      <Extensions>rc;ico;cur;bmp;dlg;rc2;rct;bin;rgs;gif;jpg;jpeg;jpe;resx;tiff;tif;png;wav;mfcribbon-ms</Extensions>
    </Filter>
    <Filter Include="소스 파일\EntryPoint">
      <UniqueIdentifier>{aa7863d7-72a6-4562-a593-f825fb948536}</UniqueIdentifier>
    </Filter>
    <Filter Include="소스 파일\FramWork">
      <UniqueIdentifier>{c3d148f4-6d1c-4a5f-9d03-ddc147014ba9}</UniqueIdentifier>
    </Filter>
    <Filter Include="소스 파일\FramWork\SceneManager">
      <UniqueIdentifier>{3455c77a-5621-4f54-a3c3-80bb201789d5}</UniqueIdentifier>
    </Filter>
    <Filter Include="소스 파일\FramWork\DoubbleBuffer">
      <UniqueIdentifier>{9d848dee-8b9c-4671-9748-e5441589e1f7}</UniqueIdentifier>
    </Filter>
    <Filter Include="소스 파일\FramWork\System">
      <UniqueIdentifier>{94de9694-b1c0-4fd5-8da5-ab7f40fc9334}</UniqueIdentifier>
    </Filter>
    <Filter Include="소스 파일\FramWork\Scene">
      <UniqueIdentifier>{2b185b62-33df-4933-9db6-b64407762e29}</UniqueIdentifier>
    </Filter>
    <Filter Include="소스 파일\FramWork\Scene\Abstrack Class">
      <UniqueIdentifier>{265feea6-52c1-4b36-ba0f-4034b318d0d1}</UniqueIdentifier>
    </Filter>
    <Filter Include="소스 파일\FramWork\Object">
      <UniqueIdentifier>{ee9667bb-89f1-4fbe-bdff-7d5d9070d480}</UniqueIdentifier>
    </Filter>
    <Filter Include="소스 파일\FramWork\Object\Abstrack Class">
      <UniqueIdentifier>{cf4652c2-822b-426a-9130-e187e2b356dd}</UniqueIdentifier>
    </Filter>
    <Filter Include="소스 파일\FramWork\System\MenuScene">
      <UniqueIdentifier>{74cac564-9d1b-48ff-95b6-e31c645e3bd5}</UniqueIdentifier>
    </Filter>
    <Filter Include="소스 파일\FramWork\Scene\GameScene">
      <UniqueIdentifier>{40bc0b27-b46e-4239-97ce-fa87c5927024}</UniqueIdentifier>
    </Filter>
    <Filter Include="소스 파일\FramWork\Object\Abstrack Class\Character">
      <UniqueIdentifier>{5f56bcf5-2046-41b9-9631-dab4949f65e6}</UniqueIdentifier>
    </Filter>
    <Filter Include="소스 파일\FramWork\Object\Bullet">
      <UniqueIdentifier>{181639f9-554c-40d3-8c6e-3b4c5b699ea1}</UniqueIdentifier>
    </Filter>
    <Filter Include="소스 파일\FramWork\Object\Enemy">
      <UniqueIdentifier>{9dc9b984-4c08-4929-a2b7-1f5d3a9af509}</UniqueIdentifier>
    </Filter>
  </ItemGroup>
  <ItemGroup>
    <ClInclude Include="DoubbleBuffer.h">
      <Filter>소스 파일\FramWork\DoubbleBuffer</Filter>
    </ClInclude>
    <ClInclude Include="GameDefine.h">
      <Filter>헤더 파일</Filter>
    </ClInclude>
    <ClInclude Include="Object.h">
      <Filter>소스 파일\FramWork\Object\Abstrack Class</Filter>
    </ClInclude>
    <ClInclude Include="Scene.h">
      <Filter>소스 파일\FramWork\Scene\Abstrack Class</Filter>
    </ClInclude>
    <ClInclude Include="System.h">
      <Filter>소스 파일\FramWork\System</Filter>
    </ClInclude>
    <ClInclude Include="MenuScene.h">
      <Filter>소스 파일\FramWork\System\MenuScene</Filter>
    </ClInclude>
    <ClInclude Include="SceneManager.h">
      <Filter>소스 파일\FramWork\SceneManager</Filter>
    </ClInclude>
    <ClInclude Include="SceneDefine.h">
      <Filter>헤더 파일</Filter>
    </ClInclude>
    <ClInclude Include="GameScene.h">
      <Filter>소스 파일\FramWork\Scene\GameScene</Filter>
    </ClInclude>
    <ClInclude Include="Character.h">
      <Filter>소스 파일\FramWork\Object\Abstrack Class\Character</Filter>
    </ClInclude>
    <ClInclude Include="Bullet.h">
      <Filter>소스 파일\FramWork\Object\Bullet</Filter>
    </ClInclude>
    <ClInclude Include="Enemy.h">
      <Filter>소스 파일\FramWork\Object\Enemy</Filter>
    </ClInclude>
  </ItemGroup>
  <ItemGroup>
    <ClCompile Include="DoubbleBuffer.cpp">
      <Filter>소스 파일\FramWork\DoubbleBuffer</Filter>
    </ClCompile>
    <ClCompile Include="main.cpp">
      <Filter>소스 파일\EntryPoint</Filter>
    </ClCompile>
    <ClCompile Include="MenuScene.cpp">
      <Filter>소스 파일\FramWork\System\MenuScene</Filter>
    </ClCompile>
    <ClCompile Include="SceneManager.cpp">
      <Filter>소스 파일\FramWork\SceneManager</Filter>
    </ClCompile>
    <ClCompile Include="GameScene.cpp">
      <Filter>소스 파일\FramWork\Scene\GameScene</Filter>
    </ClCompile>
    <ClCompile Include="Character.cpp">
      <Filter>소스 파일\FramWork\Object\Abstrack Class\Character</Filter>
    </ClCompile>
    <ClCompile Include="Bullet.cpp">
      <Filter>소스 파일\FramWork\Object\Bullet</Filter>
    </ClCompile>
    <ClCompile Include="Enemy.cpp">
      <Filter>소스 파일\FramWork\Object\Enemy</Filter>
    </ClCompile>
  </ItemGroup>
</Project>